
Microsoft Visual Studio Solution File, Format Version 12.00
# Visual Studio Version 17
VisualStudioVersion = 17.7.34003.232
MinimumVisualStudioVersion = 10.0.40219.1
Project("{FAE04EC0-301F-11D3-BF4B-00C04F79EFBC}") = "WebFormCrud", "WebFormCrud.csproj", "{0E22421A-3216-4B90-B6C8-C5A0F1FDFF77}"
EndProject
Global
	GlobalSection(SolutionConfigurationPlatforms) = preSolution
		Debug|Any CPU = Debug|Any CPU
		Release|Any CPU = Release|Any CPU
	EndGlobalSection
	GlobalSection(ProjectConfigurationPlatforms) = postSolution
		{0E22421A-3216-4B90-B6C8-C5A0F1FDFF77}.Debug|Any CPU.ActiveCfg = Debug|Any CPU
		{0E22421A-3216-4B90-B6C8-C5A0F1FDFF77}.Debug|Any CPU.Build.0 = Debug|Any CPU
		{0E22421A-3216-4B90-B6C8-C5A0F1FDFF77}.Release|Any CPU.ActiveCfg = Release|Any CPU
		{0E22421A-3216-4B90-B6C8-C5A0F1FDFF77}.Release|Any CPU.Build.0 = Release|Any CPU
	EndGlobalSection
	GlobalSection(SolutionProperties) = preSolution
		HideSolutionNode = FALSE
	EndGlobalSection
	GlobalSection(ExtensibilityGlobals) = postSolution
		SolutionGuid = {85E1C2F0-F885-4FD4-9948-BE87216F0705}
	EndGlobalSection
EndGlobal
